// !$*UTF8*$!
{
	archiveVersion = 1;
	classes = {
	};
	objectVersion = 56;
	objects = {

/* Begin PBXBuildFile section */
		AF265699291A810B008CB56F /* Realm in Frameworks */ = {isa = PBXBuildFile; productRef = AF265698291A810B008CB56F /* Realm */; };
		AF26569B291A810B008CB56F /* RealmSwift in Frameworks */ = {isa = PBXBuildFile; productRef = AF26569A291A810B008CB56F /* RealmSwift */; };
		AF495DBF291579C200510BF4 /* AppDelegate.swift in Sources */ = {isa = PBXBuildFile; fileRef = AF495DBE291579C200510BF4 /* AppDelegate.swift */; };
		AF495DC1291579C200510BF4 /* SceneDelegate.swift in Sources */ = {isa = PBXBuildFile; fileRef = AF495DC0291579C200510BF4 /* SceneDelegate.swift */; };
		AF495DC3291579C200510BF4 /* MainViewController.swift in Sources */ = {isa = PBXBuildFile; fileRef = AF495DC2291579C200510BF4 /* MainViewController.swift */; };
		AF495DC8291579C300510BF4 /* Assets.xcassets in Resources */ = {isa = PBXBuildFile; fileRef = AF495DC7291579C300510BF4 /* Assets.xcassets */; };
		AF495DCB291579C300510BF4 /* LaunchScreen.storyboard in Resources */ = {isa = PBXBuildFile; fileRef = AF495DC9291579C300510BF4 /* LaunchScreen.storyboard */; };
		AF495DDB29157DC000510BF4 /*  UIColor + Extension.swift in Sources */ = {isa = PBXBuildFile; fileRef = AF495DDA29157DC000510BF4 /*  UIColor + Extension.swift */; };
		AF495DDD29157E2400510BF4 /* CalendarView.swift in Sources */ = {isa = PBXBuildFile; fileRef = AF495DDC29157E2400510BF4 /* CalendarView.swift */; };
		AF495DDF29157E5100510BF4 /* WeatherView.swift in Sources */ = {isa = PBXBuildFile; fileRef = AF495DDE29157E5100510BF4 /* WeatherView.swift */; };
		AF495DE329165C9800510BF4 /* Roboto-Medium.ttf in Resources */ = {isa = PBXBuildFile; fileRef = AF495DE129165C9800510BF4 /* Roboto-Medium.ttf */; };
		AF495DE429165C9800510BF4 /* Roboto-Bold.ttf in Resources */ = {isa = PBXBuildFile; fileRef = AF495DE229165C9800510BF4 /* Roboto-Bold.ttf */; };
		AF495DE629165E3A00510BF4 /* UIView + Extension.swift in Sources */ = {isa = PBXBuildFile; fileRef = AF495DE529165E3A00510BF4 /* UIView + Extension.swift */; };
		AF495DE829165FB000510BF4 /* UIFont + Extension.swift in Sources */ = {isa = PBXBuildFile; fileRef = AF495DE729165FB000510BF4 /* UIFont + Extension.swift */; };
		AF495DEC2916921E00510BF4 /* CalenderCollectionViewCell.swift in Sources */ = {isa = PBXBuildFile; fileRef = AF495DEB2916921E00510BF4 /* CalenderCollectionViewCell.swift */; };
		AF495DEE29176F5600510BF4 /* WorkoutTableViewCell.swift in Sources */ = {isa = PBXBuildFile; fileRef = AF495DED29176F5600510BF4 /* WorkoutTableViewCell.swift */; };
		AF495DF02917741800510BF4 /* UIStackView + Extenson.swift in Sources */ = {isa = PBXBuildFile; fileRef = AF495DEF2917741800510BF4 /* UIStackView + Extenson.swift */; };
		AF495DF22917C38200510BF4 /* StatisticsViewController.swift in Sources */ = {isa = PBXBuildFile; fileRef = AF495DF12917C38200510BF4 /* StatisticsViewController.swift */; };
		AF495DF42917C52C00510BF4 /* UILabel + Extension.swift in Sources */ = {isa = PBXBuildFile; fileRef = AF495DF32917C52C00510BF4 /* UILabel + Extension.swift */; };
		AF495DF82917CA0500510BF4 /* StatisticsTableViewCell.swift in Sources */ = {isa = PBXBuildFile; fileRef = AF495DF72917CA0500510BF4 /* StatisticsTableViewCell.swift */; };
		AF495DFA2918131000510BF4 /* MainTabBarController.swift in Sources */ = {isa = PBXBuildFile; fileRef = AF495DF92918131000510BF4 /* MainTabBarController.swift */; };
		AF495DFC2918EFE000510BF4 /* NewWorkoutViewController.swift in Sources */ = {isa = PBXBuildFile; fileRef = AF495DFB2918EFE000510BF4 /* NewWorkoutViewController.swift */; };
		AF495E012919160800510BF4 /* DateAndRepeatView.swift in Sources */ = {isa = PBXBuildFile; fileRef = AF495E002919160800510BF4 /* DateAndRepeatView.swift */; };
		AF495E032919352900510BF4 /* RepsOrTimerView.swift in Sources */ = {isa = PBXBuildFile; fileRef = AF495E022919352900510BF4 /* RepsOrTimerView.swift */; };
		AF63ACF8291A85CE0087718A /* WorkoutModel.swift in Sources */ = {isa = PBXBuildFile; fileRef = AF63ACF7291A85CE0087718A /* WorkoutModel.swift */; };
		AF63ACFB291A86F60087718A /* RealmManager.swift in Sources */ = {isa = PBXBuildFile; fileRef = AF63ACFA291A86F60087718A /* RealmManager.swift */; };
		AF63ACFD291AA3060087718A /* Date + Extension.swift in Sources */ = {isa = PBXBuildFile; fileRef = AF63ACFC291AA3060087718A /* Date + Extension.swift */; };
		AF670C19291B8E76007079B0 /* StartWorkoutViewController.swift in Sources */ = {isa = PBXBuildFile; fileRef = AF670C18291B8E76007079B0 /* StartWorkoutViewController.swift */; };
		AF670C1E291BA3BF007079B0 /* StartWorkoutViewCell.swift in Sources */ = {isa = PBXBuildFile; fileRef = AF670C1D291BA3BF007079B0 /* StartWorkoutViewCell.swift */; };
		AF670C20291BA5DA007079B0 /* TimerWorkoutViewController.swift in Sources */ = {isa = PBXBuildFile; fileRef = AF670C1F291BA5DA007079B0 /* TimerWorkoutViewController.swift */; };
		AF670C23291BA96A007079B0 /* TimerWorkoutViewCell.swift in Sources */ = {isa = PBXBuildFile; fileRef = AF670C22291BA96A007079B0 /* TimerWorkoutViewCell.swift */; };
		AF670C26291BDD9C007079B0 /* SimpleAlert.swift in Sources */ = {isa = PBXBuildFile; fileRef = AF670C25291BDD9C007079B0 /* SimpleAlert.swift */; };
		AF670C28291CBE2A007079B0 /* ProfileViewController.swift in Sources */ = {isa = PBXBuildFile; fileRef = AF670C27291CBE2A007079B0 /* ProfileViewController.swift */; };
		AF8ECE30291FA0DE007E0C5B /* CustomAlert.swift in Sources */ = {isa = PBXBuildFile; fileRef = AF8ECE2F291FA0DE007E0C5B /* CustomAlert.swift */; };
		AF8ECE32291FF63F007E0C5B /* OkCancelAlert.swift in Sources */ = {isa = PBXBuildFile; fileRef = AF8ECE31291FF63F007E0C5B /* OkCancelAlert.swift */; };
		AF8ECE34292110FC007E0C5B /* Int + Extensions.swift in Sources */ = {isa = PBXBuildFile; fileRef = AF8ECE33292110FC007E0C5B /* Int + Extensions.swift */; };
/* End PBXBuildFile section */

/* Begin PBXFileReference section */
		AF495DBB291579C200510BF4 /* Workout Tracker.app */ = {isa = PBXFileReference; explicitFileType = wrapper.application; includeInIndex = 0; path = "Workout Tracker.app"; sourceTree = BUILT_PRODUCTS_DIR; };
		AF495DBE291579C200510BF4 /* AppDelegate.swift */ = {isa = PBXFileReference; lastKnownFileType = sourcecode.swift; path = AppDelegate.swift; sourceTree = "<group>"; };
		AF495DC0291579C200510BF4 /* SceneDelegate.swift */ = {isa = PBXFileReference; lastKnownFileType = sourcecode.swift; path = SceneDelegate.swift; sourceTree = "<group>"; };
		AF495DC2291579C200510BF4 /* MainViewController.swift */ = {isa = PBXFileReference; lastKnownFileType = sourcecode.swift; path = MainViewController.swift; sourceTree = "<group>"; };
		AF495DC7291579C300510BF4 /* Assets.xcassets */ = {isa = PBXFileReference; lastKnownFileType = folder.assetcatalog; path = Assets.xcassets; sourceTree = "<group>"; };
		AF495DCA291579C300510BF4 /* Base */ = {isa = PBXFileReference; lastKnownFileType = file.storyboard; name = Base; path = Base.lproj/LaunchScreen.storyboard; sourceTree = "<group>"; };
		AF495DCC291579C300510BF4 /* Info.plist */ = {isa = PBXFileReference; lastKnownFileType = text.plist.xml; path = Info.plist; sourceTree = "<group>"; };
		AF495DDA29157DC000510BF4 /*  UIColor + Extension.swift */ = {isa = PBXFileReference; lastKnownFileType = sourcecode.swift; path = " UIColor + Extension.swift"; sourceTree = "<group>"; };
		AF495DDC29157E2400510BF4 /* CalendarView.swift */ = {isa = PBXFileReference; lastKnownFileType = sourcecode.swift; path = CalendarView.swift; sourceTree = "<group>"; };
		AF495DDE29157E5100510BF4 /* WeatherView.swift */ = {isa = PBXFileReference; lastKnownFileType = sourcecode.swift; path = WeatherView.swift; sourceTree = "<group>"; };
		AF495DE129165C9800510BF4 /* Roboto-Medium.ttf */ = {isa = PBXFileReference; lastKnownFileType = file; path = "Roboto-Medium.ttf"; sourceTree = "<group>"; };
		AF495DE229165C9800510BF4 /* Roboto-Bold.ttf */ = {isa = PBXFileReference; lastKnownFileType = file; path = "Roboto-Bold.ttf"; sourceTree = "<group>"; };
		AF495DE529165E3A00510BF4 /* UIView + Extension.swift */ = {isa = PBXFileReference; lastKnownFileType = sourcecode.swift; path = "UIView + Extension.swift"; sourceTree = "<group>"; };
		AF495DE729165FB000510BF4 /* UIFont + Extension.swift */ = {isa = PBXFileReference; lastKnownFileType = sourcecode.swift; path = "UIFont + Extension.swift"; sourceTree = "<group>"; };
		AF495DEB2916921E00510BF4 /* CalenderCollectionViewCell.swift */ = {isa = PBXFileReference; lastKnownFileType = sourcecode.swift; path = CalenderCollectionViewCell.swift; sourceTree = "<group>"; };
		AF495DED29176F5600510BF4 /* WorkoutTableViewCell.swift */ = {isa = PBXFileReference; lastKnownFileType = sourcecode.swift; path = WorkoutTableViewCell.swift; sourceTree = "<group>"; };
		AF495DEF2917741800510BF4 /* UIStackView + Extenson.swift */ = {isa = PBXFileReference; lastKnownFileType = sourcecode.swift; path = "UIStackView + Extenson.swift"; sourceTree = "<group>"; };
		AF495DF12917C38200510BF4 /* StatisticsViewController.swift */ = {isa = PBXFileReference; lastKnownFileType = sourcecode.swift; path = StatisticsViewController.swift; sourceTree = "<group>"; };
		AF495DF32917C52C00510BF4 /* UILabel + Extension.swift */ = {isa = PBXFileReference; lastKnownFileType = sourcecode.swift; path = "UILabel + Extension.swift"; sourceTree = "<group>"; };
		AF495DF72917CA0500510BF4 /* StatisticsTableViewCell.swift */ = {isa = PBXFileReference; lastKnownFileType = sourcecode.swift; path = StatisticsTableViewCell.swift; sourceTree = "<group>"; };
		AF495DF92918131000510BF4 /* MainTabBarController.swift */ = {isa = PBXFileReference; lastKnownFileType = sourcecode.swift; path = MainTabBarController.swift; sourceTree = "<group>"; };
		AF495DFB2918EFE000510BF4 /* NewWorkoutViewController.swift */ = {isa = PBXFileReference; lastKnownFileType = sourcecode.swift; path = NewWorkoutViewController.swift; sourceTree = "<group>"; };
		AF495E002919160800510BF4 /* DateAndRepeatView.swift */ = {isa = PBXFileReference; lastKnownFileType = sourcecode.swift; path = DateAndRepeatView.swift; sourceTree = "<group>"; };
		AF495E022919352900510BF4 /* RepsOrTimerView.swift */ = {isa = PBXFileReference; lastKnownFileType = sourcecode.swift; path = RepsOrTimerView.swift; sourceTree = "<group>"; };
		AF63ACF7291A85CE0087718A /* WorkoutModel.swift */ = {isa = PBXFileReference; lastKnownFileType = sourcecode.swift; path = WorkoutModel.swift; sourceTree = "<group>"; };
		AF63ACFA291A86F60087718A /* RealmManager.swift */ = {isa = PBXFileReference; lastKnownFileType = sourcecode.swift; path = RealmManager.swift; sourceTree = "<group>"; };
		AF63ACFC291AA3060087718A /* Date + Extension.swift */ = {isa = PBXFileReference; lastKnownFileType = sourcecode.swift; path = "Date + Extension.swift"; sourceTree = "<group>"; };
		AF670C18291B8E76007079B0 /* StartWorkoutViewController.swift */ = {isa = PBXFileReference; lastKnownFileType = sourcecode.swift; path = StartWorkoutViewController.swift; sourceTree = "<group>"; };
		AF670C1D291BA3BF007079B0 /* StartWorkoutViewCell.swift */ = {isa = PBXFileReference; lastKnownFileType = sourcecode.swift; path = StartWorkoutViewCell.swift; sourceTree = "<group>"; };
		AF670C1F291BA5DA007079B0 /* TimerWorkoutViewController.swift */ = {isa = PBXFileReference; lastKnownFileType = sourcecode.swift; path = TimerWorkoutViewController.swift; sourceTree = "<group>"; };
		AF670C22291BA96A007079B0 /* TimerWorkoutViewCell.swift */ = {isa = PBXFileReference; lastKnownFileType = sourcecode.swift; path = TimerWorkoutViewCell.swift; sourceTree = "<group>"; };
		AF670C25291BDD9C007079B0 /* SimpleAlert.swift */ = {isa = PBXFileReference; lastKnownFileType = sourcecode.swift; path = SimpleAlert.swift; sourceTree = "<group>"; };
		AF670C27291CBE2A007079B0 /* ProfileViewController.swift */ = {isa = PBXFileReference; lastKnownFileType = sourcecode.swift; path = ProfileViewController.swift; sourceTree = "<group>"; };
		AF8ECE2F291FA0DE007E0C5B /* CustomAlert.swift */ = {isa = PBXFileReference; lastKnownFileType = sourcecode.swift; path = CustomAlert.swift; sourceTree = "<group>"; };
		AF8ECE31291FF63F007E0C5B /* OkCancelAlert.swift */ = {isa = PBXFileReference; lastKnownFileType = sourcecode.swift; path = OkCancelAlert.swift; sourceTree = "<group>"; };
		AF8ECE33292110FC007E0C5B /* Int + Extensions.swift */ = {isa = PBXFileReference; lastKnownFileType = sourcecode.swift; path = "Int + Extensions.swift"; sourceTree = "<group>"; };
/* End PBXFileReference section */

/* Begin PBXFrameworksBuildPhase section */
		AF495DB8291579C200510BF4 /* Frameworks */ = {
			isa = PBXFrameworksBuildPhase;
			buildActionMask = 2147483647;
			files = (
				AF26569B291A810B008CB56F /* RealmSwift in Frameworks */,
				AF265699291A810B008CB56F /* Realm in Frameworks */,
			);
			runOnlyForDeploymentPostprocessing = 0;
		};
/* End PBXFrameworksBuildPhase section */

/* Begin PBXGroup section */
		AF495DB2291579C200510BF4 = {
			isa = PBXGroup;
			children = (
				AF495DBD291579C200510BF4 /* Workout Tracker */,
				AF495DBC291579C200510BF4 /* Products */,
			);
			sourceTree = "<group>";
		};
		AF495DBC291579C200510BF4 /* Products */ = {
			isa = PBXGroup;
			children = (
				AF495DBB291579C200510BF4 /* Workout Tracker.app */,
			);
			name = Products;
			sourceTree = "<group>";
		};
		AF495DBD291579C200510BF4 /* Workout Tracker */ = {
			isa = PBXGroup;
			children = (
				AF495DD229157AD900510BF4 /* Aplication */,
				AF495DD529157B2400510BF4 /* Models */,
				AF495DD629157B4000510BF4 /* Views */,
				AF495DD329157AF300510BF4 /* Controllers */,
				AF63ACF9291A86DA0087718A /* Services */,
				AF495DD829157D8400510BF4 /* Extension */,
				AF495DD429157B0900510BF4 /* Resoursec */,
			);
			path = "Workout Tracker";
			sourceTree = "<group>";
		};
		AF495DD229157AD900510BF4 /* Aplication */ = {
			isa = PBXGroup;
			children = (
				AF495DBE291579C200510BF4 /* AppDelegate.swift */,
				AF495DC0291579C200510BF4 /* SceneDelegate.swift */,
			);
			path = Aplication;
			sourceTree = "<group>";
		};
		AF495DD329157AF300510BF4 /* Controllers */ = {
			isa = PBXGroup;
			children = (
				AF495DF92918131000510BF4 /* MainTabBarController.swift */,
				AF495DC2291579C200510BF4 /* MainViewController.swift */,
				AF495DF12917C38200510BF4 /* StatisticsViewController.swift */,
				AF495DFB2918EFE000510BF4 /* NewWorkoutViewController.swift */,
				AF670C18291B8E76007079B0 /* StartWorkoutViewController.swift */,
				AF670C1F291BA5DA007079B0 /* TimerWorkoutViewController.swift */,
				AF670C27291CBE2A007079B0 /* ProfileViewController.swift */,
			);
			path = Controllers;
			sourceTree = "<group>";
		};
		AF495DD429157B0900510BF4 /* Resoursec */ = {
			isa = PBXGroup;
			children = (
				AF495DE029165C8200510BF4 /* Fonts */,
				AF495DE229165C9800510BF4 /* Roboto-Bold.ttf */,
				AF495DE129165C9800510BF4 /* Roboto-Medium.ttf */,
				AF495DC7291579C300510BF4 /* Assets.xcassets */,
				AF495DC9291579C300510BF4 /* LaunchScreen.storyboard */,
				AF495DCC291579C300510BF4 /* Info.plist */,
			);
			path = Resoursec;
			sourceTree = "<group>";
		};
		AF495DD529157B2400510BF4 /* Models */ = {
			isa = PBXGroup;
			children = (
				AF63ACF7291A85CE0087718A /* WorkoutModel.swift */,
			);
			path = Models;
			sourceTree = "<group>";
		};
		AF495DD629157B4000510BF4 /* Views */ = {
			isa = PBXGroup;
			children = (
				AF495DD729157B5500510BF4 /* MainVC */,
				AF495DF52917C9B200510BF4 /* StatisticsVC */,
				AF495DFD2919151E00510BF4 /* NewWorkoutVC */,
				AF670C1C291BA215007079B0 /* StartWorkoutVC */,
				AF670C21291BA944007079B0 /* TimerWorkoutVC */,
				AF670C24291BDD77007079B0 /* Alerts */,
			);
			path = Views;
			sourceTree = "<group>";
		};
		AF495DD729157B5500510BF4 /* MainVC */ = {
			isa = PBXGroup;
			children = (
				AF495DEA2916920D00510BF4 /* Cells */,
				AF495DDC29157E2400510BF4 /* CalendarView.swift */,
				AF495DDE29157E5100510BF4 /* WeatherView.swift */,
			);
			path = MainVC;
			sourceTree = "<group>";
		};
		AF495DD829157D8400510BF4 /* Extension */ = {
			isa = PBXGroup;
			children = (
				AF495DD929157DA400510BF4 /* UiKit */,
				AF8ECE33292110FC007E0C5B /* Int + Extensions.swift */,
			);
			path = Extension;
			sourceTree = "<group>";
		};
		AF495DD929157DA400510BF4 /* UiKit */ = {
			isa = PBXGroup;
			children = (
				AF495DDA29157DC000510BF4 /*  UIColor + Extension.swift */,
				AF495DE529165E3A00510BF4 /* UIView + Extension.swift */,
				AF495DE729165FB000510BF4 /* UIFont + Extension.swift */,
				AF495DEF2917741800510BF4 /* UIStackView + Extenson.swift */,
				AF495DF32917C52C00510BF4 /* UILabel + Extension.swift */,
				AF63ACFC291AA3060087718A /* Date + Extension.swift */,
			);
			path = UiKit;
			sourceTree = "<group>";
		};
		AF495DE029165C8200510BF4 /* Fonts */ = {
			isa = PBXGroup;
			children = (
			);
			path = Fonts;
			sourceTree = "<group>";
		};
		AF495DEA2916920D00510BF4 /* Cells */ = {
			isa = PBXGroup;
			children = (
				AF495DEB2916921E00510BF4 /* CalenderCollectionViewCell.swift */,
				AF495DED29176F5600510BF4 /* WorkoutTableViewCell.swift */,
			);
			path = Cells;
			sourceTree = "<group>";
		};
		AF495DF52917C9B200510BF4 /* StatisticsVC */ = {
			isa = PBXGroup;
			children = (
				AF495DF62917C9DD00510BF4 /* Cell */,
			);
			path = StatisticsVC;
			sourceTree = "<group>";
		};
		AF495DF62917C9DD00510BF4 /* Cell */ = {
			isa = PBXGroup;
			children = (
				AF495DF72917CA0500510BF4 /* StatisticsTableViewCell.swift */,
			);
			path = Cell;
			sourceTree = "<group>";
		};
		AF495DFD2919151E00510BF4 /* NewWorkoutVC */ = {
			isa = PBXGroup;
			children = (
				AF495E002919160800510BF4 /* DateAndRepeatView.swift */,
				AF495E022919352900510BF4 /* RepsOrTimerView.swift */,
			);
			path = NewWorkoutVC;
			sourceTree = "<group>";
		};
		AF63ACF9291A86DA0087718A /* Services */ = {
			isa = PBXGroup;
			children = (
				AF63ACFA291A86F60087718A /* RealmManager.swift */,
			);
			path = Services;
			sourceTree = "<group>";
		};
		AF670C1C291BA215007079B0 /* StartWorkoutVC */ = {
			isa = PBXGroup;
			children = (
				AF670C1D291BA3BF007079B0 /* StartWorkoutViewCell.swift */,
			);
			path = StartWorkoutVC;
			sourceTree = "<group>";
		};
		AF670C21291BA944007079B0 /* TimerWorkoutVC */ = {
			isa = PBXGroup;
			children = (
				AF670C22291BA96A007079B0 /* TimerWorkoutViewCell.swift */,
			);
			path = TimerWorkoutVC;
			sourceTree = "<group>";
		};
		AF670C24291BDD77007079B0 /* Alerts */ = {
			isa = PBXGroup;
			children = (
				AF670C25291BDD9C007079B0 /* SimpleAlert.swift */,
				AF8ECE2F291FA0DE007E0C5B /* CustomAlert.swift */,
				AF8ECE31291FF63F007E0C5B /* OkCancelAlert.swift */,
			);
			path = Alerts;
			sourceTree = "<group>";
		};
/* End PBXGroup section */

/* Begin PBXNativeTarget section */
		AF495DBA291579C200510BF4 /* Workout Tracker */ = {
			isa = PBXNativeTarget;
			buildConfigurationList = AF495DCF291579C300510BF4 /* Build configuration list for PBXNativeTarget "Workout Tracker" */;
			buildPhases = (
				AF495DB7291579C200510BF4 /* Sources */,
				AF495DB8291579C200510BF4 /* Frameworks */,
				AF495DB9291579C200510BF4 /* Resources */,
			);
			buildRules = (
			);
			dependencies = (
			);
			name = "Workout Tracker";
			packageProductDependencies = (
				AF265698291A810B008CB56F /* Realm */,
				AF26569A291A810B008CB56F /* RealmSwift */,
			);
			productName = "Workout Tracker";
			productReference = AF495DBB291579C200510BF4 /* Workout Tracker.app */;
			productType = "com.apple.product-type.application";
		};
/* End PBXNativeTarget section */

/* Begin PBXProject section */
		AF495DB3291579C200510BF4 /* Project object */ = {
			isa = PBXProject;
			attributes = {
				BuildIndependentTargetsInParallel = 1;
				LastSwiftUpdateCheck = 1410;
				LastUpgradeCheck = 1410;
				TargetAttributes = {
					AF495DBA291579C200510BF4 = {
						CreatedOnToolsVersion = 14.1;
					};
				};
			};
			buildConfigurationList = AF495DB6291579C200510BF4 /* Build configuration list for PBXProject "Workout Tracker" */;
			compatibilityVersion = "Xcode 14.0";
			developmentRegion = en;
			hasScannedForEncodings = 0;
			knownRegions = (
				en,
				Base,
			);
			mainGroup = AF495DB2291579C200510BF4;
			packageReferences = (
				AF265697291A810B008CB56F /* XCRemoteSwiftPackageReference "realm-swift" */,
			);
			productRefGroup = AF495DBC291579C200510BF4 /* Products */;
			projectDirPath = "";
			projectRoot = "";
			targets = (
				AF495DBA291579C200510BF4 /* Workout Tracker */,
			);
		};
/* End PBXProject section */

/* Begin PBXResourcesBuildPhase section */
		AF495DB9291579C200510BF4 /* Resources */ = {
			isa = PBXResourcesBuildPhase;
			buildActionMask = 2147483647;
			files = (
				AF495DCB291579C300510BF4 /* LaunchScreen.storyboard in Resources */,
				AF495DC8291579C300510BF4 /* Assets.xcassets in Resources */,
				AF495DE429165C9800510BF4 /* Roboto-Bold.ttf in Resources */,
				AF495DE329165C9800510BF4 /* Roboto-Medium.ttf in Resources */,
			);
			runOnlyForDeploymentPostprocessing = 0;
		};
/* End PBXResourcesBuildPhase section */

/* Begin PBXSourcesBuildPhase section */
		AF495DB7291579C200510BF4 /* Sources */ = {
			isa = PBXSourcesBuildPhase;
			buildActionMask = 2147483647;
			files = (
				AF495DE829165FB000510BF4 /* UIFont + Extension.swift in Sources */,
				AF8ECE32291FF63F007E0C5B /* OkCancelAlert.swift in Sources */,
				AF495DDD29157E2400510BF4 /* CalendarView.swift in Sources */,
				AF670C26291BDD9C007079B0 /* SimpleAlert.swift in Sources */,
				AF495DFA2918131000510BF4 /* MainTabBarController.swift in Sources */,
				AF495DC3291579C200510BF4 /* MainViewController.swift in Sources */,
				AF495DF22917C38200510BF4 /* StatisticsViewController.swift in Sources */,
				AF670C28291CBE2A007079B0 /* ProfileViewController.swift in Sources */,
				AF495DF82917CA0500510BF4 /* StatisticsTableViewCell.swift in Sources */,
				AF495DEE29176F5600510BF4 /* WorkoutTableViewCell.swift in Sources */,
				AF63ACF8291A85CE0087718A /* WorkoutModel.swift in Sources */,
				AF495DBF291579C200510BF4 /* AppDelegate.swift in Sources */,
				AF495DDF29157E5100510BF4 /* WeatherView.swift in Sources */,
				AF495DE629165E3A00510BF4 /* UIView + Extension.swift in Sources */,
				AF495DEC2916921E00510BF4 /* CalenderCollectionViewCell.swift in Sources */,
				AF670C20291BA5DA007079B0 /* TimerWorkoutViewController.swift in Sources */,
				AF495DDB29157DC000510BF4 /*  UIColor + Extension.swift in Sources */,
				AF495DF42917C52C00510BF4 /* UILabel + Extension.swift in Sources */,
				AF495DFC2918EFE000510BF4 /* NewWorkoutViewController.swift in Sources */,
				AF495DF02917741800510BF4 /* UIStackView + Extenson.swift in Sources */,
				AF670C19291B8E76007079B0 /* StartWorkoutViewController.swift in Sources */,
				AF670C23291BA96A007079B0 /* TimerWorkoutViewCell.swift in Sources */,
				AF670C1E291BA3BF007079B0 /* StartWorkoutViewCell.swift in Sources */,
				AF495DC1291579C200510BF4 /* SceneDelegate.swift in Sources */,
				AF63ACFB291A86F60087718A /* RealmManager.swift in Sources */,
				AF495E012919160800510BF4 /* DateAndRepeatView.swift in Sources */,
				AF495E032919352900510BF4 /* RepsOrTimerView.swift in Sources */,
				AF8ECE34292110FC007E0C5B /* Int + Extensions.swift in Sources */,
				AF63ACFD291AA3060087718A /* Date + Extension.swift in Sources */,
				AF8ECE30291FA0DE007E0C5B /* CustomAlert.swift in Sources */,
			);
			runOnlyForDeploymentPostprocessing = 0;
		};
/* End PBXSourcesBuildPhase section */

/* Begin PBXVariantGroup section */
		AF495DC9291579C300510BF4 /* LaunchScreen.storyboard */ = {
			isa = PBXVariantGroup;
			children = (
				AF495DCA291579C300510BF4 /* Base */,
			);
			name = LaunchScreen.storyboard;
			sourceTree = "<group>";
		};
/* End PBXVariantGroup section */

/* Begin XCBuildConfiguration section */
		AF495DCD291579C300510BF4 /* Debug */ = {
			isa = XCBuildConfiguration;
			buildSettings = {
				ALWAYS_SEARCH_USER_PATHS = NO;
				CLANG_ANALYZER_NONNULL = YES;
				CLANG_ANALYZER_NUMBER_OBJECT_CONVERSION = YES_AGGRESSIVE;
				CLANG_CXX_LANGUAGE_STANDARD = "gnu++20";
				CLANG_ENABLE_MODULES = YES;
				CLANG_ENABLE_OBJC_ARC = YES;
				CLANG_ENABLE_OBJC_WEAK = YES;
				CLANG_WARN_BLOCK_CAPTURE_AUTORELEASING = YES;
				CLANG_WARN_BOOL_CONVERSION = YES;
				CLANG_WARN_COMMA = YES;
				CLANG_WARN_CONSTANT_CONVERSION = YES;
				CLANG_WARN_DEPRECATED_OBJC_IMPLEMENTATIONS = YES;
				CLANG_WARN_DIRECT_OBJC_ISA_USAGE = YES_ERROR;
				CLANG_WARN_DOCUMENTATION_COMMENTS = YES;
				CLANG_WARN_EMPTY_BODY = YES;
				CLANG_WARN_ENUM_CONVERSION = YES;
				CLANG_WARN_INFINITE_RECURSION = YES;
				CLANG_WARN_INT_CONVERSION = YES;
				CLANG_WARN_NON_LITERAL_NULL_CONVERSION = YES;
				CLANG_WARN_OBJC_IMPLICIT_RETAIN_SELF = YES;
				CLANG_WARN_OBJC_LITERAL_CONVERSION = YES;
				CLANG_WARN_OBJC_ROOT_CLASS = YES_ERROR;
				CLANG_WARN_QUOTED_INCLUDE_IN_FRAMEWORK_HEADER = YES;
				CLANG_WARN_RANGE_LOOP_ANALYSIS = YES;
				CLANG_WARN_STRICT_PROTOTYPES = YES;
				CLANG_WARN_SUSPICIOUS_MOVE = YES;
				CLANG_WARN_UNGUARDED_AVAILABILITY = YES_AGGRESSIVE;
				CLANG_WARN_UNREACHABLE_CODE = YES;
				CLANG_WARN__DUPLICATE_METHOD_MATCH = YES;
				COPY_PHASE_STRIP = NO;
				DEBUG_INFORMATION_FORMAT = dwarf;
				ENABLE_STRICT_OBJC_MSGSEND = YES;
				ENABLE_TESTABILITY = YES;
				GCC_C_LANGUAGE_STANDARD = gnu11;
				GCC_DYNAMIC_NO_PIC = NO;
				GCC_NO_COMMON_BLOCKS = YES;
				GCC_OPTIMIZATION_LEVEL = 0;
				GCC_PREPROCESSOR_DEFINITIONS = (
					"DEBUG=1",
					"$(inherited)",
				);
				GCC_WARN_64_TO_32_BIT_CONVERSION = YES;
				GCC_WARN_ABOUT_RETURN_TYPE = YES_ERROR;
				GCC_WARN_UNDECLARED_SELECTOR = YES;
				GCC_WARN_UNINITIALIZED_AUTOS = YES_AGGRESSIVE;
				GCC_WARN_UNUSED_FUNCTION = YES;
				GCC_WARN_UNUSED_VARIABLE = YES;
				IPHONEOS_DEPLOYMENT_TARGET = 16.1;
				MTL_ENABLE_DEBUG_INFO = INCLUDE_SOURCE;
				MTL_FAST_MATH = YES;
				ONLY_ACTIVE_ARCH = YES;
				SDKROOT = iphoneos;
				SWIFT_ACTIVE_COMPILATION_CONDITIONS = DEBUG;
				SWIFT_OPTIMIZATION_LEVEL = "-Onone";
			};
			name = Debug;
		};
		AF495DCE291579C300510BF4 /* Release */ = {
			isa = XCBuildConfiguration;
			buildSettings = {
				ALWAYS_SEARCH_USER_PATHS = NO;
				CLANG_ANALYZER_NONNULL = YES;
				CLANG_ANALYZER_NUMBER_OBJECT_CONVERSION = YES_AGGRESSIVE;
				CLANG_CXX_LANGUAGE_STANDARD = "gnu++20";
				CLANG_ENABLE_MODULES = YES;
				CLANG_ENABLE_OBJC_ARC = YES;
				CLANG_ENABLE_OBJC_WEAK = YES;
				CLANG_WARN_BLOCK_CAPTURE_AUTORELEASING = YES;
				CLANG_WARN_BOOL_CONVERSION = YES;
				CLANG_WARN_COMMA = YES;
				CLANG_WARN_CONSTANT_CONVERSION = YES;
				CLANG_WARN_DEPRECATED_OBJC_IMPLEMENTATIONS = YES;
				CLANG_WARN_DIRECT_OBJC_ISA_USAGE = YES_ERROR;
				CLANG_WARN_DOCUMENTATION_COMMENTS = YES;
				CLANG_WARN_EMPTY_BODY = YES;
				CLANG_WARN_ENUM_CONVERSION = YES;
				CLANG_WARN_INFINITE_RECURSION = YES;
				CLANG_WARN_INT_CONVERSION = YES;
				CLANG_WARN_NON_LITERAL_NULL_CONVERSION = YES;
				CLANG_WARN_OBJC_IMPLICIT_RETAIN_SELF = YES;
				CLANG_WARN_OBJC_LITERAL_CONVERSION = YES;
				CLANG_WARN_OBJC_ROOT_CLASS = YES_ERROR;
				CLANG_WARN_QUOTED_INCLUDE_IN_FRAMEWORK_HEADER = YES;
				CLANG_WARN_RANGE_LOOP_ANALYSIS = YES;
				CLANG_WARN_STRICT_PROTOTYPES = YES;
				CLANG_WARN_SUSPICIOUS_MOVE = YES;
				CLANG_WARN_UNGUARDED_AVAILABILITY = YES_AGGRESSIVE;
				CLANG_WARN_UNREACHABLE_CODE = YES;
				CLANG_WARN__DUPLICATE_METHOD_MATCH = YES;
				COPY_PHASE_STRIP = NO;
				DEBUG_INFORMATION_FORMAT = "dwarf-with-dsym";
				ENABLE_NS_ASSERTIONS = NO;
				ENABLE_STRICT_OBJC_MSGSEND = YES;
				GCC_C_LANGUAGE_STANDARD = gnu11;
				GCC_NO_COMMON_BLOCKS = YES;
				GCC_WARN_64_TO_32_BIT_CONVERSION = YES;
				GCC_WARN_ABOUT_RETURN_TYPE = YES_ERROR;
				GCC_WARN_UNDECLARED_SELECTOR = YES;
				GCC_WARN_UNINITIALIZED_AUTOS = YES_AGGRESSIVE;
				GCC_WARN_UNUSED_FUNCTION = YES;
				GCC_WARN_UNUSED_VARIABLE = YES;
				IPHONEOS_DEPLOYMENT_TARGET = 16.1;
				MTL_ENABLE_DEBUG_INFO = NO;
				MTL_FAST_MATH = YES;
				SDKROOT = iphoneos;
				SWIFT_COMPILATION_MODE = wholemodule;
				SWIFT_OPTIMIZATION_LEVEL = "-O";
				VALIDATE_PRODUCT = YES;
			};
			name = Release;
		};
		AF495DD0291579C300510BF4 /* Debug */ = {
			isa = XCBuildConfiguration;
			buildSettings = {
				ASSETCATALOG_COMPILER_APPICON_NAME = AppIcon;
				ASSETCATALOG_COMPILER_GLOBAL_ACCENT_COLOR_NAME = AccentColor;
				CODE_SIGN_STYLE = Automatic;
				CURRENT_PROJECT_VERSION = 1;
				GENERATE_INFOPLIST_FILE = YES;
				INFOPLIST_FILE = "Workout Tracker/Resoursec/Info.plist";
				INFOPLIST_KEY_UIApplicationSupportsIndirectInputEvents = YES;
				INFOPLIST_KEY_UILaunchStoryboardName = LaunchScreen;
				INFOPLIST_KEY_UISupportedInterfaceOrientations = UIInterfaceOrientationPortrait;
				INFOPLIST_KEY_UISupportedInterfaceOrientations_iPad = "UIInterfaceOrientationLandscapeLeft UIInterfaceOrientationLandscapeRight UIInterfaceOrientationPortrait UIInterfaceOrientationPortraitUpsideDown";
				IPHONEOS_DEPLOYMENT_TARGET = 13.0;
				LD_RUNPATH_SEARCH_PATHS = (
					"$(inherited)",
					"@executable_path/Frameworks",
				);
				MARKETING_VERSION = 1.0;
				PRODUCT_BUNDLE_IDENTIFIER = "com.my.Workout-Tracker";
				PRODUCT_NAME = "$(TARGET_NAME)";
				SUPPORTED_PLATFORMS = "iphoneos iphonesimulator";
				SUPPORTS_MACCATALYST = NO;
				SUPPORTS_MAC_DESIGNED_FOR_IPHONE_IPAD = NO;
				SWIFT_EMIT_LOC_STRINGS = YES;
				SWIFT_VERSION = 5.0;
				TARGETED_DEVICE_FAMILY = 1;
			};
			name = Debug;
		};
		AF495DD1291579C300510BF4 /* Release */ = {
			isa = XCBuildConfiguration;
			buildSettings = {
				ASSETCATALOG_COMPILER_APPICON_NAME = AppIcon;
				ASSETCATALOG_COMPILER_GLOBAL_ACCENT_COLOR_NAME = AccentColor;
				CODE_SIGN_STYLE = Automatic;
				CURRENT_PROJECT_VERSION = 1;
				GENERATE_INFOPLIST_FILE = YES;
				INFOPLIST_FILE = "Workout Tracker/Resoursec/Info.plist";
				INFOPLIST_KEY_UIApplicationSupportsIndirectInputEvents = YES;
				INFOPLIST_KEY_UILaunchStoryboardName = LaunchScreen;
				INFOPLIST_KEY_UISupportedInterfaceOrientations = UIInterfaceOrientationPortrait;
				INFOPLIST_KEY_UISupportedInterfaceOrientations_iPad = "UIInterfaceOrientationLandscapeLeft UIInterfaceOrientationLandscapeRight UIInterfaceOrientationPortrait UIInterfaceOrientationPortraitUpsideDown";
				IPHONEOS_DEPLOYMENT_TARGET = 13.0;
				LD_RUNPATH_SEARCH_PATHS = (
					"$(inherited)",
					"@executable_path/Frameworks",
				);
				MARKETING_VERSION = 1.0;
				PRODUCT_BUNDLE_IDENTIFIER = "com.my.Workout-Tracker";
				PRODUCT_NAME = "$(TARGET_NAME)";
				SUPPORTED_PLATFORMS = "iphoneos iphonesimulator";
				SUPPORTS_MACCATALYST = NO;
				SUPPORTS_MAC_DESIGNED_FOR_IPHONE_IPAD = NO;
				SWIFT_EMIT_LOC_STRINGS = YES;
				SWIFT_VERSION = 5.0;
				TARGETED_DEVICE_FAMILY = 1;
			};
			name = Release;
		};
/* End XCBuildConfiguration section */

/* Begin XCConfigurationList section */
		AF495DB6291579C200510BF4 /* Build configuration list for PBXProject "Workout Tracker" */ = {
			isa = XCConfigurationList;
			buildConfigurations = (
				AF495DCD291579C300510BF4 /* Debug */,
				AF495DCE291579C300510BF4 /* Release */,
			);
			defaultConfigurationIsVisible = 0;
			defaultConfigurationName = Release;
		};
		AF495DCF291579C300510BF4 /* Build configuration list for PBXNativeTarget "Workout Tracker" */ = {
			isa = XCConfigurationList;
			buildConfigurations = (
				AF495DD0291579C300510BF4 /* Debug */,
				AF495DD1291579C300510BF4 /* Release */,
			);
			defaultConfigurationIsVisible = 0;
			defaultConfigurationName = Release;
		};
/* End XCConfigurationList section */

/* Begin XCRemoteSwiftPackageReference section */
		AF265697291A810B008CB56F /* XCRemoteSwiftPackageReference "realm-swift" */ = {
			isa = XCRemoteSwiftPackageReference;
			repositoryURL = "https://github.com/realm/realm-swift.git";
			requirement = {
				branch = master;
				kind = branch;
			};
		};
/* End XCRemoteSwiftPackageReference section */

/* Begin XCSwiftPackageProductDependency section */
		AF265698291A810B008CB56F /* Realm */ = {
			isa = XCSwiftPackageProductDependency;
			package = AF265697291A810B008CB56F /* XCRemoteSwiftPackageReference "realm-swift" */;
			productName = Realm;
		};
		AF26569A291A810B008CB56F /* RealmSwift */ = {
			isa = XCSwiftPackageProductDependency;
			package = AF265697291A810B008CB56F /* XCRemoteSwiftPackageReference "realm-swift" */;
			productName = RealmSwift;
		};
/* End XCSwiftPackageProductDependency section */
	};
	rootObject = AF495DB3291579C200510BF4 /* Project object */;
}
